
Microsoft Visual Studio Solution File, Format Version 12.00
# Visual Studio Version 17
VisualStudioVersion = 17.3.32929.385
MinimumVisualStudioVersion = 10.0.40219.1
Project("{9A19103F-16F7-4668-BE54-9A1E7A4F7556}") = "Assignment_2", "Assignment_2\Assignment_2.csproj", "{412BB0C4-F03B-4870-B669-25A332EDEA82}"
EndProject
Project("{FAE04EC0-301F-11D3-BF4B-00C04F79EFBC}") = "3_A. Petya and Strings", "3_A. Petya and Strings\3_A. Petya and Strings.csproj", "{53338ECA-99EE-415E-ABD6-909605AD6B9A}"
EndProject
Project("{FAE04EC0-301F-11D3-BF4B-00C04F79EFBC}") = "03_A. Petya and Strings", "03_A. Petya and Strings\03_A. Petya and Strings.csproj", "{76C985C3-DC3F-4BD3-83B1-2B83C73F2B12}"
EndProject
Project("{FAE04EC0-301F-11D3-BF4B-00C04F79EFBC}") = "28_A. Word", "28_A. Word\28_A. Word.csproj", "{8158CC43-909E-45A2-80DB-75A0EC2EB202}"
EndProject
Project("{FAE04EC0-301F-11D3-BF4B-00C04F79EFBC}") = "29_A. Word", "29_A. Word\29_A. Word.csproj", "{B4D9495C-FA0A-44FF-9787-EEBD62A6AEA7}"
EndProject
Global
	GlobalSection(SolutionConfigurationPlatforms) = preSolution
		Debug|Any CPU = Debug|Any CPU
		Release|Any CPU = Release|Any CPU
	EndGlobalSection
	GlobalSection(ProjectConfigurationPlatforms) = postSolution
		{412BB0C4-F03B-4870-B669-25A332EDEA82}.Debug|Any CPU.ActiveCfg = Debug|Any CPU
		{412BB0C4-F03B-4870-B669-25A332EDEA82}.Debug|Any CPU.Build.0 = Debug|Any CPU
		{412BB0C4-F03B-4870-B669-25A332EDEA82}.Release|Any CPU.ActiveCfg = Release|Any CPU
		{412BB0C4-F03B-4870-B669-25A332EDEA82}.Release|Any CPU.Build.0 = Release|Any CPU
		{53338ECA-99EE-415E-ABD6-909605AD6B9A}.Debug|Any CPU.ActiveCfg = Debug|Any CPU
		{53338ECA-99EE-415E-ABD6-909605AD6B9A}.Debug|Any CPU.Build.0 = Debug|Any CPU
		{53338ECA-99EE-415E-ABD6-909605AD6B9A}.Release|Any CPU.ActiveCfg = Release|Any CPU
		{53338ECA-99EE-415E-ABD6-909605AD6B9A}.Release|Any CPU.Build.0 = Release|Any CPU
		{76C985C3-DC3F-4BD3-83B1-2B83C73F2B12}.Debug|Any CPU.ActiveCfg = Debug|Any CPU
		{76C985C3-DC3F-4BD3-83B1-2B83C73F2B12}.Debug|Any CPU.Build.0 = Debug|Any CPU
		{76C985C3-DC3F-4BD3-83B1-2B83C73F2B12}.Release|Any CPU.ActiveCfg = Release|Any CPU
		{76C985C3-DC3F-4BD3-83B1-2B83C73F2B12}.Release|Any CPU.Build.0 = Release|Any CPU
		{8158CC43-909E-45A2-80DB-75A0EC2EB202}.Debug|Any CPU.ActiveCfg = Debug|Any CPU
		{8158CC43-909E-45A2-80DB-75A0EC2EB202}.Debug|Any CPU.Build.0 = Debug|Any CPU
		{8158CC43-909E-45A2-80DB-75A0EC2EB202}.Release|Any CPU.ActiveCfg = Release|Any CPU
		{8158CC43-909E-45A2-80DB-75A0EC2EB202}.Release|Any CPU.Build.0 = Release|Any CPU
		{B4D9495C-FA0A-44FF-9787-EEBD62A6AEA7}.Debug|Any CPU.ActiveCfg = Debug|Any CPU
		{B4D9495C-FA0A-44FF-9787-EEBD62A6AEA7}.Debug|Any CPU.Build.0 = Debug|Any CPU
		{B4D9495C-FA0A-44FF-9787-EEBD62A6AEA7}.Release|Any CPU.ActiveCfg = Release|Any CPU
		{B4D9495C-FA0A-44FF-9787-EEBD62A6AEA7}.Release|Any CPU.Build.0 = Release|Any CPU
	EndGlobalSection
	GlobalSection(SolutionProperties) = preSolution
		HideSolutionNode = FALSE
	EndGlobalSection
	GlobalSection(ExtensibilityGlobals) = postSolution
		SolutionGuid = {8EEECC20-77CA-41F0-B54F-39D6B926B139}
	EndGlobalSection
EndGlobal
